
Microsoft Visual Studio Solution File, Format Version 12.00
# Visual Studio Version 16
VisualStudioVersion = 16.0.30717.126
MinimumVisualStudioVersion = 10.0.40219.1
Project("{9A19103F-16F7-4668-BE54-9A1E7A4F7556}") = "Nero", "Nero\Nero.csproj", "{093D7D64-7119-42E5-96F7-922830196A5C}"
EndProject
Project("{FAE04EC0-301F-11D3-BF4B-00C04F79EFBC}") = "NIC.Client", "NIC.Client\NIC.Client.csproj", "{CDDBA82A-2A1D-4BA9-B6E7-0A99D582540A}"
EndProject
Global
	GlobalSection(SolutionConfigurationPlatforms) = preSolution
		Debug|Any CPU = Debug|Any CPU
		Release|Any CPU = Release|Any CPU
	EndGlobalSection
	GlobalSection(ProjectConfigurationPlatforms) = postSolution
		{093D7D64-7119-42E5-96F7-922830196A5C}.Debug|Any CPU.ActiveCfg = Debug|Any CPU
		{093D7D64-7119-42E5-96F7-922830196A5C}.Debug|Any CPU.Build.0 = Debug|Any CPU
		{093D7D64-7119-42E5-96F7-922830196A5C}.Release|Any CPU.ActiveCfg = Release|Any CPU
		{093D7D64-7119-42E5-96F7-922830196A5C}.Release|Any CPU.Build.0 = Release|Any CPU
		{CDDBA82A-2A1D-4BA9-B6E7-0A99D582540A}.Debug|Any CPU.ActiveCfg = Debug|Any CPU
		{CDDBA82A-2A1D-4BA9-B6E7-0A99D582540A}.Debug|Any CPU.Build.0 = Debug|Any CPU
		{CDDBA82A-2A1D-4BA9-B6E7-0A99D582540A}.Release|Any CPU.ActiveCfg = Release|Any CPU
		{CDDBA82A-2A1D-4BA9-B6E7-0A99D582540A}.Release|Any CPU.Build.0 = Release|Any CPU
	EndGlobalSection
	GlobalSection(SolutionProperties) = preSolution
		HideSolutionNode = FALSE
	EndGlobalSection
	GlobalSection(ExtensibilityGlobals) = postSolution
		SolutionGuid = {5106B5E9-0FEE-4098-9C0A-E1AA35305106}
	EndGlobalSection
EndGlobal
